
Microsoft Visual Studio Solution File, Format Version 12.00
# Visual Studio Version 17
VisualStudioVersion = 17.10.35013.160
MinimumVisualStudioVersion = 10.0.40219.1
Project("{FAE04EC0-301F-11D3-BF4B-00C04F79EFBC}") = "Demo", "Demo\Demo.csproj", "{44C9D460-0ACA-4C6A-8971-8BBC3736B86D}"
EndProject
Global
	GlobalSection(SolutionConfigurationPlatforms) = preSolution
		Debug|Any CPU = Debug|Any CPU
		Release|Any CPU = Release|Any CPU
	EndGlobalSection
	GlobalSection(ProjectConfigurationPlatforms) = postSolution
		{44C9D460-0ACA-4C6A-8971-8BBC3736B86D}.Debug|Any CPU.ActiveCfg = Debug|Any CPU
		{44C9D460-0ACA-4C6A-8971-8BBC3736B86D}.Debug|Any CPU.Build.0 = Debug|Any CPU
		{44C9D460-0ACA-4C6A-8971-8BBC3736B86D}.Release|Any CPU.ActiveCfg = Release|Any CPU
		{44C9D460-0ACA-4C6A-8971-8BBC3736B86D}.Release|Any CPU.Build.0 = Release|Any CPU
	EndGlobalSection
	GlobalSection(SolutionProperties) = preSolution
		HideSolutionNode = FALSE
	EndGlobalSection
	GlobalSection(ExtensibilityGlobals) = postSolution
		SolutionGuid = {3BEF7F11-0412-4164-A0B8-30534336AD5E}
	EndGlobalSection
EndGlobal
